
Microsoft Visual Studio Solution File, Format Version 12.00
# Visual Studio Version 16
VisualStudioVersion = 16.0.30114.105
MinimumVisualStudioVersion = 10.0.40219.1
Project("{FAE04EC0-301F-11D3-BF4B-00C04F79EFBC}") = "XNAControls", "XNAControls\XNAControls.csproj", "{D4511EA6-1966-4D3E-8629-44D78180CD84}"
EndProject
Project("{FAE04EC0-301F-11D3-BF4B-00C04F79EFBC}") = "XNAControls.Test", "XNAControls.Test\XNAControls.Test.csproj", "{A22D4E80-526B-4879-B4BE-7D23956C2D4A}"
EndProject
Global
	GlobalSection(SolutionConfigurationPlatforms) = preSolution
		Debug|Any CPU = Debug|Any CPU
		Release|Any CPU = Release|Any CPU
	EndGlobalSection
	GlobalSection(SolutionProperties) = preSolution
		HideSolutionNode = FALSE
	EndGlobalSection
	GlobalSection(ProjectConfigurationPlatforms) = postSolution
		{D4511EA6-1966-4D3E-8629-44D78180CD84}.Debug|Any CPU.ActiveCfg = Debug|Any CPU
		{D4511EA6-1966-4D3E-8629-44D78180CD84}.Debug|Any CPU.Build.0 = Debug|Any CPU
		{D4511EA6-1966-4D3E-8629-44D78180CD84}.Release|Any CPU.ActiveCfg = Release|Any CPU
		{D4511EA6-1966-4D3E-8629-44D78180CD84}.Release|Any CPU.Build.0 = Release|Any CPU
		{A22D4E80-526B-4879-B4BE-7D23956C2D4A}.Debug|Any CPU.ActiveCfg = Debug|Any CPU
		{A22D4E80-526B-4879-B4BE-7D23956C2D4A}.Debug|Any CPU.Build.0 = Debug|Any CPU
		{A22D4E80-526B-4879-B4BE-7D23956C2D4A}.Release|Any CPU.ActiveCfg = Release|Any CPU
		{A22D4E80-526B-4879-B4BE-7D23956C2D4A}.Release|Any CPU.Build.0 = Release|Any CPU
	EndGlobalSection
EndGlobal
